<?xml version="1.0" encoding="UTF-8" standalone="yes" ?>
<CodeBlocks_project_file>
	<FileVersion major="1" minor="6" />
	<Project>
		<Option title="Prefinal Exam MinMax Heap Tree" />
		<Option pch_mode="2" />
		<Option compiler="gcc" />
		<Build>
			<Target title="Debug">
				<Option output="bin/Debug/Prefinal Exam MinMax Heap Tree" prefix_auto="1" extension_auto="1" />
				<Option object_output="obj/Debug/" />
				<Option type="1" />
				<Option compiler="gcc" />
				<Compiler>
					<Add option="-g" />
				</Compiler>
			</Target>
		</Build>
		<Compiler>
			<Add option="-Wall" />
		</Compiler>
		<Unit filename="addheap.c">
			<Option compilerVar="CC" />
		</Unit>
		<Unit filename="createnode.c">
			<Option compilerVar="CC" />
		</Unit>
		<Unit filename="deleteheap.c">
			<Option compilerVar="CC" />
		</Unit>
		<Unit filename="display.c">
			<Option compilerVar="CC" />
		</Unit>
		<Unit filename="heapify.c">
			<Option compilerVar="CC" />
		</Unit>
		<Unit filename="heaptree.h" />
		<Unit filename="main.c">
			<Option compilerVar="CC" />
		</Unit>
		<Extensions>
			<lib_finder disable_auto="1" />
		</Extensions>
	</Project>
</CodeBlocks_project_file>
